
Microsoft Visual Studio Solution File, Format Version 12.00
# Visual Studio Version 17
VisualStudioVersion = 17.2.32519.379
MinimumVisualStudioVersion = 10.0.40219.1
Project("{FAE04EC0-301F-11D3-BF4B-00C04F79EFBC}") = "aula05Part2", "aula05Part2.csproj", "{4EC281E8-05C9-4609-8383-C6943DB6845C}"
EndProject
Global
	GlobalSection(SolutionConfigurationPlatforms) = preSolution
		Debug|Any CPU = Debug|Any CPU
		Release|Any CPU = Release|Any CPU
	EndGlobalSection
	GlobalSection(ProjectConfigurationPlatforms) = postSolution
		{4EC281E8-05C9-4609-8383-C6943DB6845C}.Debug|Any CPU.ActiveCfg = Debug|Any CPU
		{4EC281E8-05C9-4609-8383-C6943DB6845C}.Debug|Any CPU.Build.0 = Debug|Any CPU
		{4EC281E8-05C9-4609-8383-C6943DB6845C}.Release|Any CPU.ActiveCfg = Release|Any CPU
		{4EC281E8-05C9-4609-8383-C6943DB6845C}.Release|Any CPU.Build.0 = Release|Any CPU
	EndGlobalSection
	GlobalSection(SolutionProperties) = preSolution
		HideSolutionNode = FALSE
	EndGlobalSection
	GlobalSection(ExtensibilityGlobals) = postSolution
		SolutionGuid = {E0C77BCB-294E-4ED1-AAF6-C60BE0DEFE2E}
	EndGlobalSection
EndGlobal
